
Microsoft Visual Studio Solution File, Format Version 12.00
# Visual Studio Version 16
VisualStudioVersion = 16.0.29926.136
MinimumVisualStudioVersion = 10.0.40219.1
Project("{FAE04EC0-301F-11D3-BF4B-00C04F79EFBC}") = "JsonFormatter", "JsonFormatter.csproj", "{21878F36-E15A-409F-B431-C986EC949FBE}"
EndProject
Global
	GlobalSection(SolutionConfigurationPlatforms) = preSolution
		Debug|Any CPU = Debug|Any CPU
		Release|Any CPU = Release|Any CPU
	EndGlobalSection
	GlobalSection(ProjectConfigurationPlatforms) = postSolution
		{21878F36-E15A-409F-B431-C986EC949FBE}.Debug|Any CPU.ActiveCfg = Debug|Any CPU
		{21878F36-E15A-409F-B431-C986EC949FBE}.Debug|Any CPU.Build.0 = Debug|Any CPU
		{21878F36-E15A-409F-B431-C986EC949FBE}.Release|Any CPU.ActiveCfg = Release|Any CPU
		{21878F36-E15A-409F-B431-C986EC949FBE}.Release|Any CPU.Build.0 = Release|Any CPU
	EndGlobalSection
	GlobalSection(SolutionProperties) = preSolution
		HideSolutionNode = FALSE
	EndGlobalSection
	GlobalSection(ExtensibilityGlobals) = postSolution
		SolutionGuid = {1525E5A6-A845-486E-92D1-2E1824DAF55C}
	EndGlobalSection
EndGlobal
